
Microsoft Visual Studio Solution File, Format Version 10.00
# Visual Studio 2008
# SharpDevelop 3.2.1.6466
Project("{FAE04EC0-301F-11D3-BF4B-00C04F79EFBC}") = "AI1_The_West_World_Project", "AI1_The_West_World_Project\AI1_The_West_World_Project.csproj", "{DD3D2856-6CFB-4993-BD0E-8993E21F1ADC}"
EndProject
Global
	GlobalSection(SolutionConfigurationPlatforms) = preSolution
		Debug|x86 = Debug|x86
		Release|x86 = Release|x86
	EndGlobalSection
	GlobalSection(ProjectConfigurationPlatforms) = postSolution
		{DD3D2856-6CFB-4993-BD0E-8993E21F1ADC}.Debug|x86.Build.0 = Debug|x86
		{DD3D2856-6CFB-4993-BD0E-8993E21F1ADC}.Debug|x86.ActiveCfg = Debug|x86
		{DD3D2856-6CFB-4993-BD0E-8993E21F1ADC}.Release|x86.Build.0 = Release|x86
		{DD3D2856-6CFB-4993-BD0E-8993E21F1ADC}.Release|x86.ActiveCfg = Release|x86
	EndGlobalSection
EndGlobal
